
Microsoft Visual Studio Solution File, Format Version 12.00
# Visual Studio Version 17
VisualStudioVersion = 17.0.32014.148
MinimumVisualStudioVersion = 10.0.40219.1
Project("{2150E333-8FDC-42A3-9474-1A3956D46DE8}") = "Platform", "Platform", "{C9E19FDD-0741-45A0-8ABD-26B830FF4599}"
EndProject
Project("{FAE04EC0-301F-11D3-BF4B-00C04F79EFBC}") = "StromPriserWidget.Android", "StromPriserWidget.Android\StromPriserWidget.Android.csproj", "{41BDA0D0-6152-4D89-AE43-80707FE1FABD}"
EndProject
Global
	GlobalSection(SolutionConfigurationPlatforms) = preSolution
		Debug|Any CPU = Debug|Any CPU
		Release|Any CPU = Release|Any CPU
	EndGlobalSection
	GlobalSection(ProjectConfigurationPlatforms) = postSolution
		{41BDA0D0-6152-4D89-AE43-80707FE1FABD}.Debug|Any CPU.ActiveCfg = Debug|Any CPU
		{41BDA0D0-6152-4D89-AE43-80707FE1FABD}.Debug|Any CPU.Build.0 = Debug|Any CPU
		{41BDA0D0-6152-4D89-AE43-80707FE1FABD}.Debug|Any CPU.Deploy.0 = Debug|Any CPU
		{41BDA0D0-6152-4D89-AE43-80707FE1FABD}.Release|Any CPU.ActiveCfg = Release|Any CPU
		{41BDA0D0-6152-4D89-AE43-80707FE1FABD}.Release|Any CPU.Build.0 = Release|Any CPU
		{41BDA0D0-6152-4D89-AE43-80707FE1FABD}.Release|Any CPU.Deploy.0 = Release|Any CPU
	EndGlobalSection
	GlobalSection(SolutionProperties) = preSolution
		HideSolutionNode = FALSE
	EndGlobalSection
	GlobalSection(NestedProjects) = preSolution
		{41BDA0D0-6152-4D89-AE43-80707FE1FABD} = {C9E19FDD-0741-45A0-8ABD-26B830FF4599}
	EndGlobalSection
	GlobalSection(ExtensibilityGlobals) = postSolution
		SolutionGuid = {46B18417-3A0B-477B-9200-F4EDB8CF4C2A}
	EndGlobalSection
EndGlobal
